// !$*UTF8*$!
{
	archiveVersion = 1;
	classes = {
	};
	objectVersion = 56;
	objects = {

/* Begin PBXBuildFile section */
		F4FC6E712D5EEF1A009E811D /* PunkEditorApp.swift in Sources */ = {isa = PBXBuildFile; fileRef = F4FC6E702D5EEF1A009E811D /* PunkEditorApp.swift */; };
		F4FC6E752D5EEF1B009E811D /* Assets.xcassets in Resources */ = {isa = PBXBuildFile; fileRef = F4FC6E742D5EEF1B009E811D /* Assets.xcassets */; };
		F4FC6E792D5EEF1B009E811D /* Preview Assets.xcassets in Resources */ = {isa = PBXBuildFile; fileRef = F4FC6E782D5EEF1B009E811D /* Preview Assets.xcassets */; };
		F4FC6E832D5EEF1C009E811D /* PunkEditorTests.swift in Sources */ = {isa = PBXBuildFile; fileRef = F4FC6E822D5EEF1C009E811D /* PunkEditorTests.swift */; };
		F4FC6E8D2D5EEF1C009E811D /* PunkEditorUITests.swift in Sources */ = {isa = PBXBuildFile; fileRef = F4FC6E8C2D5EEF1C009E811D /* PunkEditorUITests.swift */; };
		F4FC6E8F2D5EEF1C009E811D /* PunkEditorUITestsLaunchTests.swift in Sources */ = {isa = PBXBuildFile; fileRef = F4FC6E8E2D5EEF1C009E811D /* PunkEditorUITestsLaunchTests.swift */; };
/* End PBXBuildFile section */

/* Begin PBXContainerItemProxy section */
		F4FC6E7F2D5EEF1C009E811D /* PBXContainerItemProxy */ = {
			isa = PBXContainerItemProxy;
			containerPortal = F4FC6E652D5EEF1A009E811D /* Project object */;
			proxyType = 1;
			remoteGlobalIDString = F4FC6E6C2D5EEF1A009E811D;
			remoteInfo = PunkEditor;
		};
		F4FC6E892D5EEF1C009E811D /* PBXContainerItemProxy */ = {
			isa = PBXContainerItemProxy;
			containerPortal = F4FC6E652D5EEF1A009E811D /* Project object */;
			proxyType = 1;
			remoteGlobalIDString = F4FC6E6C2D5EEF1A009E811D;
			remoteInfo = PunkEditor;
		};
/* End PBXContainerItemProxy section */

/* Begin PBXFileReference section */
		F4FC6E6D2D5EEF1A009E811D /* PunkEditor.app */ = {isa = PBXFileReference; explicitFileType = wrapper.application; includeInIndex = 0; path = PunkEditor.app; sourceTree = BUILT_PRODUCTS_DIR; };
		F4FC6E702D5EEF1A009E811D /* PunkEditorApp.swift */ = {isa = PBXFileReference; lastKnownFileType = sourcecode.swift; path = PunkEditorApp.swift; sourceTree = "<group>"; };
		F4FC6E742D5EEF1B009E811D /* Assets.xcassets */ = {isa = PBXFileReference; lastKnownFileType = folder.assetcatalog; path = Assets.xcassets; sourceTree = "<group>"; };
		F4FC6E762D5EEF1B009E811D /* PunkEditor.entitlements */ = {isa = PBXFileReference; lastKnownFileType = text.plist.entitlements; path = PunkEditor.entitlements; sourceTree = "<group>"; };
		F4FC6E782D5EEF1B009E811D /* Preview Assets.xcassets */ = {isa = PBXFileReference; lastKnownFileType = folder.assetcatalog; path = "Preview Assets.xcassets"; sourceTree = "<group>"; };
		F4FC6E7E2D5EEF1C009E811D /* PunkEditorTests.xctest */ = {isa = PBXFileReference; explicitFileType = wrapper.cfbundle; includeInIndex = 0; path = PunkEditorTests.xctest; sourceTree = BUILT_PRODUCTS_DIR; };
		F4FC6E822D5EEF1C009E811D /* PunkEditorTests.swift */ = {isa = PBXFileReference; lastKnownFileType = sourcecode.swift; path = PunkEditorTests.swift; sourceTree = "<group>"; };
		F4FC6E882D5EEF1C009E811D /* PunkEditorUITests.xctest */ = {isa = PBXFileReference; explicitFileType = wrapper.cfbundle; includeInIndex = 0; path = PunkEditorUITests.xctest; sourceTree = BUILT_PRODUCTS_DIR; };
		F4FC6E8C2D5EEF1C009E811D /* PunkEditorUITests.swift */ = {isa = PBXFileReference; lastKnownFileType = sourcecode.swift; path = PunkEditorUITests.swift; sourceTree = "<group>"; };
		F4FC6E8E2D5EEF1C009E811D /* PunkEditorUITestsLaunchTests.swift */ = {isa = PBXFileReference; lastKnownFileType = sourcecode.swift; path = PunkEditorUITestsLaunchTests.swift; sourceTree = "<group>"; };
/* End PBXFileReference section */

/* Begin PBXFrameworksBuildPhase section */
		F4FC6E6A2D5EEF1A009E811D /* Frameworks */ = {
			isa = PBXFrameworksBuildPhase;
			buildActionMask = 2147483647;
			files = (
			);
			runOnlyForDeploymentPostprocessing = 0;
		};
		F4FC6E7B2D5EEF1C009E811D /* Frameworks */ = {
			isa = PBXFrameworksBuildPhase;
			buildActionMask = 2147483647;
			files = (
			);
			runOnlyForDeploymentPostprocessing = 0;
		};
		F4FC6E852D5EEF1C009E811D /* Frameworks */ = {
			isa = PBXFrameworksBuildPhase;
			buildActionMask = 2147483647;
			files = (
			);
			runOnlyForDeploymentPostprocessing = 0;
		};
/* End PBXFrameworksBuildPhase section */

/* Begin PBXGroup section */
		F4FC6E642D5EEF1A009E811D = {
			isa = PBXGroup;
			children = (
				F4FC6E9B2D5EEF29009E811D /* Source */,
				F4FC6E6F2D5EEF1A009E811D /* PunkEditor */,
				F4FC6E812D5EEF1C009E811D /* PunkEditorTests */,
				F4FC6E8B2D5EEF1C009E811D /* PunkEditorUITests */,
				F4FC6E6E2D5EEF1A009E811D /* Products */,
			);
			sourceTree = "<group>";
		};
		F4FC6E6E2D5EEF1A009E811D /* Products */ = {
			isa = PBXGroup;
			children = (
				F4FC6E6D2D5EEF1A009E811D /* PunkEditor.app */,
				F4FC6E7E2D5EEF1C009E811D /* PunkEditorTests.xctest */,
				F4FC6E882D5EEF1C009E811D /* PunkEditorUITests.xctest */,
			);
			name = Products;
			sourceTree = "<group>";
		};
		F4FC6E6F2D5EEF1A009E811D /* PunkEditor */ = {
			isa = PBXGroup;
			children = (
				F4FC6E742D5EEF1B009E811D /* Assets.xcassets */,
				F4FC6E762D5EEF1B009E811D /* PunkEditor.entitlements */,
				F4FC6E772D5EEF1B009E811D /* Preview Content */,
			);
			path = PunkEditor;
			sourceTree = "<group>";
		};
		F4FC6E772D5EEF1B009E811D /* Preview Content */ = {
			isa = PBXGroup;
			children = (
				F4FC6E782D5EEF1B009E811D /* Preview Assets.xcassets */,
			);
			path = "Preview Content";
			sourceTree = "<group>";
		};
		F4FC6E812D5EEF1C009E811D /* PunkEditorTests */ = {
			isa = PBXGroup;
			children = (
				F4FC6E822D5EEF1C009E811D /* PunkEditorTests.swift */,
			);
			path = PunkEditorTests;
			sourceTree = "<group>";
		};
		F4FC6E8B2D5EEF1C009E811D /* PunkEditorUITests */ = {
			isa = PBXGroup;
			children = (
				F4FC6E8C2D5EEF1C009E811D /* PunkEditorUITests.swift */,
				F4FC6E8E2D5EEF1C009E811D /* PunkEditorUITestsLaunchTests.swift */,
			);
			path = PunkEditorUITests;
			sourceTree = "<group>";
		};
		F4FC6E9B2D5EEF29009E811D /* Source */ = {
			isa = PBXGroup;
			children = (
				F4FC6E702D5EEF1A009E811D /* PunkEditorApp.swift */,
			);
			path = Source;
			sourceTree = "<group>";
		};
/* End PBXGroup section */

/* Begin PBXNativeTarget section */
		F4FC6E6C2D5EEF1A009E811D /* PunkEditor */ = {
			isa = PBXNativeTarget;
			buildConfigurationList = F4FC6E922D5EEF1C009E811D /* Build configuration list for PBXNativeTarget "PunkEditor" */;
			buildPhases = (
				F4FC6E692D5EEF1A009E811D /* Sources */,
				F4FC6E6A2D5EEF1A009E811D /* Frameworks */,
				F4FC6E6B2D5EEF1A009E811D /* Resources */,
			);
			buildRules = (
			);
			dependencies = (
			);
			name = PunkEditor;
			productName = PunkEditor;
			productReference = F4FC6E6D2D5EEF1A009E811D /* PunkEditor.app */;
			productType = "com.apple.product-type.application";
		};
		F4FC6E7D2D5EEF1C009E811D /* PunkEditorTests */ = {
			isa = PBXNativeTarget;
			buildConfigurationList = F4FC6E952D5EEF1C009E811D /* Build configuration list for PBXNativeTarget "PunkEditorTests" */;
			buildPhases = (
				F4FC6E7A2D5EEF1C009E811D /* Sources */,
				F4FC6E7B2D5EEF1C009E811D /* Frameworks */,
				F4FC6E7C2D5EEF1C009E811D /* Resources */,
			);
			buildRules = (
			);
			dependencies = (
				F4FC6E802D5EEF1C009E811D /* PBXTargetDependency */,
			);
			name = PunkEditorTests;
			productName = PunkEditorTests;
			productReference = F4FC6E7E2D5EEF1C009E811D /* PunkEditorTests.xctest */;
			productType = "com.apple.product-type.bundle.unit-test";
		};
		F4FC6E872D5EEF1C009E811D /* PunkEditorUITests */ = {
			isa = PBXNativeTarget;
			buildConfigurationList = F4FC6E982D5EEF1C009E811D /* Build configuration list for PBXNativeTarget "PunkEditorUITests" */;
			buildPhases = (
				F4FC6E842D5EEF1C009E811D /* Sources */,
				F4FC6E852D5EEF1C009E811D /* Frameworks */,
				F4FC6E862D5EEF1C009E811D /* Resources */,
			);
			buildRules = (
			);
			dependencies = (
				F4FC6E8A2D5EEF1C009E811D /* PBXTargetDependency */,
			);
			name = PunkEditorUITests;
			productName = PunkEditorUITests;
			productReference = F4FC6E882D5EEF1C009E811D /* PunkEditorUITests.xctest */;
			productType = "com.apple.product-type.bundle.ui-testing";
		};
/* End PBXNativeTarget section */

/* Begin PBXProject section */
		F4FC6E652D5EEF1A009E811D /* Project object */ = {
			isa = PBXProject;
			attributes = {
				BuildIndependentTargetsInParallel = 1;
				LastSwiftUpdateCheck = 1540;
				LastUpgradeCheck = 1540;
				TargetAttributes = {
					F4FC6E6C2D5EEF1A009E811D = {
						CreatedOnToolsVersion = 15.4;
					};
					F4FC6E7D2D5EEF1C009E811D = {
						CreatedOnToolsVersion = 15.4;
						TestTargetID = F4FC6E6C2D5EEF1A009E811D;
					};
					F4FC6E872D5EEF1C009E811D = {
						CreatedOnToolsVersion = 15.4;
						TestTargetID = F4FC6E6C2D5EEF1A009E811D;
					};
				};
			};
			buildConfigurationList = F4FC6E682D5EEF1A009E811D /* Build configuration list for PBXProject "PunkEditor" */;
			compatibilityVersion = "Xcode 14.0";
			developmentRegion = en;
			hasScannedForEncodings = 0;
			knownRegions = (
				en,
				Base,
			);
			mainGroup = F4FC6E642D5EEF1A009E811D;
			productRefGroup = F4FC6E6E2D5EEF1A009E811D /* Products */;
			projectDirPath = "";
			projectRoot = "";
			targets = (
				F4FC6E6C2D5EEF1A009E811D /* PunkEditor */,
				F4FC6E7D2D5EEF1C009E811D /* PunkEditorTests */,
				F4FC6E872D5EEF1C009E811D /* PunkEditorUITests */,
			);
		};
/* End PBXProject section */

/* Begin PBXResourcesBuildPhase section */
		F4FC6E6B2D5EEF1A009E811D /* Resources */ = {
			isa = PBXResourcesBuildPhase;
			buildActionMask = 2147483647;
			files = (
				F4FC6E792D5EEF1B009E811D /* Preview Assets.xcassets in Resources */,
				F4FC6E752D5EEF1B009E811D /* Assets.xcassets in Resources */,
			);
			runOnlyForDeploymentPostprocessing = 0;
		};
		F4FC6E7C2D5EEF1C009E811D /* Resources */ = {
			isa = PBXResourcesBuildPhase;
			buildActionMask = 2147483647;
			files = (
			);
			runOnlyForDeploymentPostprocessing = 0;
		};
		F4FC6E862D5EEF1C009E811D /* Resources */ = {
			isa = PBXResourcesBuildPhase;
			buildActionMask = 2147483647;
			files = (
			);
			runOnlyForDeploymentPostprocessing = 0;
		};
/* End PBXResourcesBuildPhase section */

/* Begin PBXSourcesBuildPhase section */
		F4FC6E692D5EEF1A009E811D /* Sources */ = {
			isa = PBXSourcesBuildPhase;
			buildActionMask = 2147483647;
			files = (
				F4FC6E712D5EEF1A009E811D /* PunkEditorApp.swift in Sources */,
			);
			runOnlyForDeploymentPostprocessing = 0;
		};
		F4FC6E7A2D5EEF1C009E811D /* Sources */ = {
			isa = PBXSourcesBuildPhase;
			buildActionMask = 2147483647;
			files = (
				F4FC6E832D5EEF1C009E811D /* PunkEditorTests.swift in Sources */,
			);
			runOnlyForDeploymentPostprocessing = 0;
		};
		F4FC6E842D5EEF1C009E811D /* Sources */ = {
			isa = PBXSourcesBuildPhase;
			buildActionMask = 2147483647;
			files = (
				F4FC6E8D2D5EEF1C009E811D /* PunkEditorUITests.swift in Sources */,
				F4FC6E8F2D5EEF1C009E811D /* PunkEditorUITestsLaunchTests.swift in Sources */,
			);
			runOnlyForDeploymentPostprocessing = 0;
		};
/* End PBXSourcesBuildPhase section */

/* Begin PBXTargetDependency section */
		F4FC6E802D5EEF1C009E811D /* PBXTargetDependency */ = {
			isa = PBXTargetDependency;
			target = F4FC6E6C2D5EEF1A009E811D /* PunkEditor */;
			targetProxy = F4FC6E7F2D5EEF1C009E811D /* PBXContainerItemProxy */;
		};
		F4FC6E8A2D5EEF1C009E811D /* PBXTargetDependency */ = {
			isa = PBXTargetDependency;
			target = F4FC6E6C2D5EEF1A009E811D /* PunkEditor */;
			targetProxy = F4FC6E892D5EEF1C009E811D /* PBXContainerItemProxy */;
		};
/* End PBXTargetDependency section */

/* Begin XCBuildConfiguration section */
		F4FC6E902D5EEF1C009E811D /* Debug */ = {
			isa = XCBuildConfiguration;
			buildSettings = {
				ALWAYS_SEARCH_USER_PATHS = NO;
				ASSETCATALOG_COMPILER_GENERATE_SWIFT_ASSET_SYMBOL_EXTENSIONS = YES;
				CLANG_ANALYZER_NONNULL = YES;
				CLANG_ANALYZER_NUMBER_OBJECT_CONVERSION = YES_AGGRESSIVE;
				CLANG_CXX_LANGUAGE_STANDARD = "gnu++20";
				CLANG_ENABLE_MODULES = YES;
				CLANG_ENABLE_OBJC_ARC = YES;
				CLANG_ENABLE_OBJC_WEAK = YES;
				CLANG_WARN_BLOCK_CAPTURE_AUTORELEASING = YES;
				CLANG_WARN_BOOL_CONVERSION = YES;
				CLANG_WARN_COMMA = YES;
				CLANG_WARN_CONSTANT_CONVERSION = YES;
				CLANG_WARN_DEPRECATED_OBJC_IMPLEMENTATIONS = YES;
				CLANG_WARN_DIRECT_OBJC_ISA_USAGE = YES_ERROR;
				CLANG_WARN_DOCUMENTATION_COMMENTS = YES;
				CLANG_WARN_EMPTY_BODY = YES;
				CLANG_WARN_ENUM_CONVERSION = YES;
				CLANG_WARN_INFINITE_RECURSION = YES;
				CLANG_WARN_INT_CONVERSION = YES;
				CLANG_WARN_NON_LITERAL_NULL_CONVERSION = YES;
				CLANG_WARN_OBJC_IMPLICIT_RETAIN_SELF = YES;
				CLANG_WARN_OBJC_LITERAL_CONVERSION = YES;
				CLANG_WARN_OBJC_ROOT_CLASS = YES_ERROR;
				CLANG_WARN_QUOTED_INCLUDE_IN_FRAMEWORK_HEADER = YES;
				CLANG_WARN_RANGE_LOOP_ANALYSIS = YES;
				CLANG_WARN_STRICT_PROTOTYPES = YES;
				CLANG_WARN_SUSPICIOUS_MOVE = YES;
				CLANG_WARN_UNGUARDED_AVAILABILITY = YES_AGGRESSIVE;
				CLANG_WARN_UNREACHABLE_CODE = YES;
				CLANG_WARN__DUPLICATE_METHOD_MATCH = YES;
				COPY_PHASE_STRIP = NO;
				DEBUG_INFORMATION_FORMAT = dwarf;
				ENABLE_STRICT_OBJC_MSGSEND = YES;
				ENABLE_TESTABILITY = YES;
				ENABLE_USER_SCRIPT_SANDBOXING = YES;
				GCC_C_LANGUAGE_STANDARD = gnu17;
				GCC_DYNAMIC_NO_PIC = NO;
				GCC_NO_COMMON_BLOCKS = YES;
				GCC_OPTIMIZATION_LEVEL = 0;
				GCC_PREPROCESSOR_DEFINITIONS = (
					"DEBUG=1",
					"$(inherited)",
				);
				GCC_WARN_64_TO_32_BIT_CONVERSION = YES;
				GCC_WARN_ABOUT_RETURN_TYPE = YES_ERROR;
				GCC_WARN_UNDECLARED_SELECTOR = YES;
				GCC_WARN_UNINITIALIZED_AUTOS = YES_AGGRESSIVE;
				GCC_WARN_UNUSED_FUNCTION = YES;
				GCC_WARN_UNUSED_VARIABLE = YES;
				LOCALIZATION_PREFERS_STRING_CATALOGS = YES;
				MTL_ENABLE_DEBUG_INFO = INCLUDE_SOURCE;
				MTL_FAST_MATH = YES;
				ONLY_ACTIVE_ARCH = YES;
				SWIFT_ACTIVE_COMPILATION_CONDITIONS = "DEBUG $(inherited)";
				SWIFT_OPTIMIZATION_LEVEL = "-Onone";
			};
			name = Debug;
		};
		F4FC6E912D5EEF1C009E811D /* Release */ = {
			isa = XCBuildConfiguration;
			buildSettings = {
				ALWAYS_SEARCH_USER_PATHS = NO;
				ASSETCATALOG_COMPILER_GENERATE_SWIFT_ASSET_SYMBOL_EXTENSIONS = YES;
				CLANG_ANALYZER_NONNULL = YES;
				CLANG_ANALYZER_NUMBER_OBJECT_CONVERSION = YES_AGGRESSIVE;
				CLANG_CXX_LANGUAGE_STANDARD = "gnu++20";
				CLANG_ENABLE_MODULES = YES;
				CLANG_ENABLE_OBJC_ARC = YES;
				CLANG_ENABLE_OBJC_WEAK = YES;
				CLANG_WARN_BLOCK_CAPTURE_AUTORELEASING = YES;
				CLANG_WARN_BOOL_CONVERSION = YES;
				CLANG_WARN_COMMA = YES;
				CLANG_WARN_CONSTANT_CONVERSION = YES;
				CLANG_WARN_DEPRECATED_OBJC_IMPLEMENTATIONS = YES;
				CLANG_WARN_DIRECT_OBJC_ISA_USAGE = YES_ERROR;
				CLANG_WARN_DOCUMENTATION_COMMENTS = YES;
				CLANG_WARN_EMPTY_BODY = YES;
				CLANG_WARN_ENUM_CONVERSION = YES;
				CLANG_WARN_INFINITE_RECURSION = YES;
				CLANG_WARN_INT_CONVERSION = YES;
				CLANG_WARN_NON_LITERAL_NULL_CONVERSION = YES;
				CLANG_WARN_OBJC_IMPLICIT_RETAIN_SELF = YES;
				CLANG_WARN_OBJC_LITERAL_CONVERSION = YES;
				CLANG_WARN_OBJC_ROOT_CLASS = YES_ERROR;
				CLANG_WARN_QUOTED_INCLUDE_IN_FRAMEWORK_HEADER = YES;
				CLANG_WARN_RANGE_LOOP_ANALYSIS = YES;
				CLANG_WARN_STRICT_PROTOTYPES = YES;
				CLANG_WARN_SUSPICIOUS_MOVE = YES;
				CLANG_WARN_UNGUARDED_AVAILABILITY = YES_AGGRESSIVE;
				CLANG_WARN_UNREACHABLE_CODE = YES;
				CLANG_WARN__DUPLICATE_METHOD_MATCH = YES;
				COPY_PHASE_STRIP = NO;
				DEBUG_INFORMATION_FORMAT = "dwarf-with-dsym";
				ENABLE_NS_ASSERTIONS = NO;
				ENABLE_STRICT_OBJC_MSGSEND = YES;
				ENABLE_USER_SCRIPT_SANDBOXING = YES;
				GCC_C_LANGUAGE_STANDARD = gnu17;
				GCC_NO_COMMON_BLOCKS = YES;
				GCC_WARN_64_TO_32_BIT_CONVERSION = YES;
				GCC_WARN_ABOUT_RETURN_TYPE = YES_ERROR;
				GCC_WARN_UNDECLARED_SELECTOR = YES;
				GCC_WARN_UNINITIALIZED_AUTOS = YES_AGGRESSIVE;
				GCC_WARN_UNUSED_FUNCTION = YES;
				GCC_WARN_UNUSED_VARIABLE = YES;
				LOCALIZATION_PREFERS_STRING_CATALOGS = YES;
				MTL_ENABLE_DEBUG_INFO = NO;
				MTL_FAST_MATH = YES;
				SWIFT_COMPILATION_MODE = wholemodule;
			};
			name = Release;
		};
		F4FC6E932D5EEF1C009E811D /* Debug */ = {
			isa = XCBuildConfiguration;
			buildSettings = {
				ASSETCATALOG_COMPILER_APPICON_NAME = AppIcon;
				ASSETCATALOG_COMPILER_GLOBAL_ACCENT_COLOR_NAME = AccentColor;
				CODE_SIGN_ENTITLEMENTS = PunkEditor/PunkEditor.entitlements;
				CODE_SIGN_STYLE = Automatic;
				CURRENT_PROJECT_VERSION = 1;
				DEVELOPMENT_ASSET_PATHS = "\"PunkEditor/Preview Content\"";
				DEVELOPMENT_TEAM = CV5FXG5P92;
				ENABLE_HARDENED_RUNTIME = YES;
				ENABLE_PREVIEWS = YES;
				GENERATE_INFOPLIST_FILE = YES;
				"INFOPLIST_KEY_UIApplicationSceneManifest_Generation[sdk=iphoneos*]" = YES;
				"INFOPLIST_KEY_UIApplicationSceneManifest_Generation[sdk=iphonesimulator*]" = YES;
				"INFOPLIST_KEY_UIApplicationSupportsIndirectInputEvents[sdk=iphoneos*]" = YES;
				"INFOPLIST_KEY_UIApplicationSupportsIndirectInputEvents[sdk=iphonesimulator*]" = YES;
				"INFOPLIST_KEY_UILaunchScreen_Generation[sdk=iphoneos*]" = YES;
				"INFOPLIST_KEY_UILaunchScreen_Generation[sdk=iphonesimulator*]" = YES;
				"INFOPLIST_KEY_UIStatusBarStyle[sdk=iphoneos*]" = UIStatusBarStyleDefault;
				"INFOPLIST_KEY_UIStatusBarStyle[sdk=iphonesimulator*]" = UIStatusBarStyleDefault;
				INFOPLIST_KEY_UISupportedInterfaceOrientations_iPad = "UIInterfaceOrientationPortrait UIInterfaceOrientationPortraitUpsideDown UIInterfaceOrientationLandscapeLeft UIInterfaceOrientationLandscapeRight";
				INFOPLIST_KEY_UISupportedInterfaceOrientations_iPhone = "UIInterfaceOrientationPortrait UIInterfaceOrientationLandscapeLeft UIInterfaceOrientationLandscapeRight";
				IPHONEOS_DEPLOYMENT_TARGET = 17.5;
				LD_RUNPATH_SEARCH_PATHS = "@executable_path/Frameworks";
				"LD_RUNPATH_SEARCH_PATHS[sdk=macosx*]" = "@executable_path/../Frameworks";
				MACOSX_DEPLOYMENT_TARGET = 14.5;
				MARKETING_VERSION = 1.0;
				PRODUCT_BUNDLE_IDENTIFIER = com.colbyn.PunkEditor;
				PRODUCT_NAME = "$(TARGET_NAME)";
				SDKROOT = auto;
				SUPPORTED_PLATFORMS = "iphoneos iphonesimulator macosx";
				SWIFT_EMIT_LOC_STRINGS = YES;
				SWIFT_VERSION = 5.0;
				TARGETED_DEVICE_FAMILY = "1,2";
			};
			name = Debug;
		};
		F4FC6E942D5EEF1C009E811D /* Release */ = {
			isa = XCBuildConfiguration;
			buildSettings = {
				ASSETCATALOG_COMPILER_APPICON_NAME = AppIcon;
				ASSETCATALOG_COMPILER_GLOBAL_ACCENT_COLOR_NAME = AccentColor;
				CODE_SIGN_ENTITLEMENTS = PunkEditor/PunkEditor.entitlements;
				CODE_SIGN_STYLE = Automatic;
				CURRENT_PROJECT_VERSION = 1;
				DEVELOPMENT_ASSET_PATHS = "\"PunkEditor/Preview Content\"";
				DEVELOPMENT_TEAM = CV5FXG5P92;
				ENABLE_HARDENED_RUNTIME = YES;
				ENABLE_PREVIEWS = YES;
				GENERATE_INFOPLIST_FILE = YES;
				"INFOPLIST_KEY_UIApplicationSceneManifest_Generation[sdk=iphoneos*]" = YES;
				"INFOPLIST_KEY_UIApplicationSceneManifest_Generation[sdk=iphonesimulator*]" = YES;
				"INFOPLIST_KEY_UIApplicationSupportsIndirectInputEvents[sdk=iphoneos*]" = YES;
				"INFOPLIST_KEY_UIApplicationSupportsIndirectInputEvents[sdk=iphonesimulator*]" = YES;
				"INFOPLIST_KEY_UILaunchScreen_Generation[sdk=iphoneos*]" = YES;
				"INFOPLIST_KEY_UILaunchScreen_Generation[sdk=iphonesimulator*]" = YES;
				"INFOPLIST_KEY_UIStatusBarStyle[sdk=iphoneos*]" = UIStatusBarStyleDefault;
				"INFOPLIST_KEY_UIStatusBarStyle[sdk=iphonesimulator*]" = UIStatusBarStyleDefault;
				INFOPLIST_KEY_UISupportedInterfaceOrientations_iPad = "UIInterfaceOrientationPortrait UIInterfaceOrientationPortraitUpsideDown UIInterfaceOrientationLandscapeLeft UIInterfaceOrientationLandscapeRight";
				INFOPLIST_KEY_UISupportedInterfaceOrientations_iPhone = "UIInterfaceOrientationPortrait UIInterfaceOrientationLandscapeLeft UIInterfaceOrientationLandscapeRight";
				IPHONEOS_DEPLOYMENT_TARGET = 17.5;
				LD_RUNPATH_SEARCH_PATHS = "@executable_path/Frameworks";
				"LD_RUNPATH_SEARCH_PATHS[sdk=macosx*]" = "@executable_path/../Frameworks";
				MACOSX_DEPLOYMENT_TARGET = 14.5;
				MARKETING_VERSION = 1.0;
				PRODUCT_BUNDLE_IDENTIFIER = com.colbyn.PunkEditor;
				PRODUCT_NAME = "$(TARGET_NAME)";
				SDKROOT = auto;
				SUPPORTED_PLATFORMS = "iphoneos iphonesimulator macosx";
				SWIFT_EMIT_LOC_STRINGS = YES;
				SWIFT_VERSION = 5.0;
				TARGETED_DEVICE_FAMILY = "1,2";
			};
			name = Release;
		};
		F4FC6E962D5EEF1C009E811D /* Debug */ = {
			isa = XCBuildConfiguration;
			buildSettings = {
				ALWAYS_EMBED_SWIFT_STANDARD_LIBRARIES = YES;
				BUNDLE_LOADER = "$(TEST_HOST)";
				CODE_SIGN_STYLE = Automatic;
				CURRENT_PROJECT_VERSION = 1;
				DEVELOPMENT_TEAM = CV5FXG5P92;
				GENERATE_INFOPLIST_FILE = YES;
				IPHONEOS_DEPLOYMENT_TARGET = 17.5;
				MACOSX_DEPLOYMENT_TARGET = 14.5;
				MARKETING_VERSION = 1.0;
				PRODUCT_BUNDLE_IDENTIFIER = com.colbyn.PunkEditorTests;
				PRODUCT_NAME = "$(TARGET_NAME)";
				SDKROOT = auto;
				SUPPORTED_PLATFORMS = "iphoneos iphonesimulator macosx";
				SWIFT_EMIT_LOC_STRINGS = NO;
				SWIFT_VERSION = 5.0;
				TARGETED_DEVICE_FAMILY = "1,2";
				TEST_HOST = "$(BUILT_PRODUCTS_DIR)/PunkEditor.app/$(BUNDLE_EXECUTABLE_FOLDER_PATH)/PunkEditor";
			};
			name = Debug;
		};
		F4FC6E972D5EEF1C009E811D /* Release */ = {
			isa = XCBuildConfiguration;
			buildSettings = {
				ALWAYS_EMBED_SWIFT_STANDARD_LIBRARIES = YES;
				BUNDLE_LOADER = "$(TEST_HOST)";
				CODE_SIGN_STYLE = Automatic;
				CURRENT_PROJECT_VERSION = 1;
				DEVELOPMENT_TEAM = CV5FXG5P92;
				GENERATE_INFOPLIST_FILE = YES;
				IPHONEOS_DEPLOYMENT_TARGET = 17.5;
				MACOSX_DEPLOYMENT_TARGET = 14.5;
				MARKETING_VERSION = 1.0;
				PRODUCT_BUNDLE_IDENTIFIER = com.colbyn.PunkEditorTests;
				PRODUCT_NAME = "$(TARGET_NAME)";
				SDKROOT = auto;
				SUPPORTED_PLATFORMS = "iphoneos iphonesimulator macosx";
				SWIFT_EMIT_LOC_STRINGS = NO;
				SWIFT_VERSION = 5.0;
				TARGETED_DEVICE_FAMILY = "1,2";
				TEST_HOST = "$(BUILT_PRODUCTS_DIR)/PunkEditor.app/$(BUNDLE_EXECUTABLE_FOLDER_PATH)/PunkEditor";
			};
			name = Release;
		};
		F4FC6E992D5EEF1C009E811D /* Debug */ = {
			isa = XCBuildConfiguration;
			buildSettings = {
				ALWAYS_EMBED_SWIFT_STANDARD_LIBRARIES = YES;
				CODE_SIGN_STYLE = Automatic;
				CURRENT_PROJECT_VERSION = 1;
				DEVELOPMENT_TEAM = CV5FXG5P92;
				GENERATE_INFOPLIST_FILE = YES;
				IPHONEOS_DEPLOYMENT_TARGET = 17.5;
				MACOSX_DEPLOYMENT_TARGET = 14.5;
				MARKETING_VERSION = 1.0;
				PRODUCT_BUNDLE_IDENTIFIER = com.colbyn.PunkEditorUITests;
				PRODUCT_NAME = "$(TARGET_NAME)";
				SDKROOT = auto;
				SUPPORTED_PLATFORMS = "iphoneos iphonesimulator macosx";
				SWIFT_EMIT_LOC_STRINGS = NO;
				SWIFT_VERSION = 5.0;
				TARGETED_DEVICE_FAMILY = "1,2";
				TEST_TARGET_NAME = PunkEditor;
			};
			name = Debug;
		};
		F4FC6E9A2D5EEF1C009E811D /* Release */ = {
			isa = XCBuildConfiguration;
			buildSettings = {
				ALWAYS_EMBED_SWIFT_STANDARD_LIBRARIES = YES;
				CODE_SIGN_STYLE = Automatic;
				CURRENT_PROJECT_VERSION = 1;
				DEVELOPMENT_TEAM = CV5FXG5P92;
				GENERATE_INFOPLIST_FILE = YES;
				IPHONEOS_DEPLOYMENT_TARGET = 17.5;
				MACOSX_DEPLOYMENT_TARGET = 14.5;
				MARKETING_VERSION = 1.0;
				PRODUCT_BUNDLE_IDENTIFIER = com.colbyn.PunkEditorUITests;
				PRODUCT_NAME = "$(TARGET_NAME)";
				SDKROOT = auto;
				SUPPORTED_PLATFORMS = "iphoneos iphonesimulator macosx";
				SWIFT_EMIT_LOC_STRINGS = NO;
				SWIFT_VERSION = 5.0;
				TARGETED_DEVICE_FAMILY = "1,2";
				TEST_TARGET_NAME = PunkEditor;
			};
			name = Release;
		};
/* End XCBuildConfiguration section */

/* Begin XCConfigurationList section */
		F4FC6E682D5EEF1A009E811D /* Build configuration list for PBXProject "PunkEditor" */ = {
			isa = XCConfigurationList;
			buildConfigurations = (
				F4FC6E902D5EEF1C009E811D /* Debug */,
				F4FC6E912D5EEF1C009E811D /* Release */,
			);
			defaultConfigurationIsVisible = 0;
			defaultConfigurationName = Release;
		};
		F4FC6E922D5EEF1C009E811D /* Build configuration list for PBXNativeTarget "PunkEditor" */ = {
			isa = XCConfigurationList;
			buildConfigurations = (
				F4FC6E932D5EEF1C009E811D /* Debug */,
				F4FC6E942D5EEF1C009E811D /* Release */,
			);
			defaultConfigurationIsVisible = 0;
			defaultConfigurationName = Release;
		};
		F4FC6E952D5EEF1C009E811D /* Build configuration list for PBXNativeTarget "PunkEditorTests" */ = {
			isa = XCConfigurationList;
			buildConfigurations = (
				F4FC6E962D5EEF1C009E811D /* Debug */,
				F4FC6E972D5EEF1C009E811D /* Release */,
			);
			defaultConfigurationIsVisible = 0;
			defaultConfigurationName = Release;
		};
		F4FC6E982D5EEF1C009E811D /* Build configuration list for PBXNativeTarget "PunkEditorUITests" */ = {
			isa = XCConfigurationList;
			buildConfigurations = (
				F4FC6E992D5EEF1C009E811D /* Debug */,
				F4FC6E9A2D5EEF1C009E811D /* Release */,
			);
			defaultConfigurationIsVisible = 0;
			defaultConfigurationName = Release;
		};
/* End XCConfigurationList section */
	};
	rootObject = F4FC6E652D5EEF1A009E811D /* Project object */;
}
