// !$*UTF8*$!
{
	archiveVersion = 1;
	classes = {
	};
	objectVersion = 60;
	objects = {

/* Begin PBXBuildFile section */
		F40B3D362D496AB6005E6EBC /* BasicMarkdownPreviewApp.swift in Sources */ = {isa = PBXBuildFile; fileRef = F40B3D352D496AB6005E6EBC /* BasicMarkdownPreviewApp.swift */; };
		F40B3D3A2D496AB8005E6EBC /* Assets.xcassets in Resources */ = {isa = PBXBuildFile; fileRef = F40B3D392D496AB8005E6EBC /* Assets.xcassets */; };
		F40B3D3E2D496AB8005E6EBC /* Preview Assets.xcassets in Resources */ = {isa = PBXBuildFile; fileRef = F40B3D3D2D496AB8005E6EBC /* Preview Assets.xcassets */; };
		F40B3D472D496B85005E6EBC /* BasicMarkdownSample.md in Resources */ = {isa = PBXBuildFile; fileRef = F40B3D462D496B85005E6EBC /* BasicMarkdownSample.md */; };
		F4CF4EEE2D49C1D00028F66B /* SSMarkdownView in Frameworks */ = {isa = PBXBuildFile; productRef = F4CF4EED2D49C1D00028F66B /* SSMarkdownView */; };
		F4CF4EF12D49C3670028F66B /* SSMUtilities in Frameworks */ = {isa = PBXBuildFile; productRef = F4CF4EF02D49C3670028F66B /* SSMUtilities */; };
/* End PBXBuildFile section */

/* Begin PBXFileReference section */
		F40B3D322D496AB6005E6EBC /* BasicMarkdownPreview.app */ = {isa = PBXFileReference; explicitFileType = wrapper.application; includeInIndex = 0; path = BasicMarkdownPreview.app; sourceTree = BUILT_PRODUCTS_DIR; };
		F40B3D352D496AB6005E6EBC /* BasicMarkdownPreviewApp.swift */ = {isa = PBXFileReference; lastKnownFileType = sourcecode.swift; path = BasicMarkdownPreviewApp.swift; sourceTree = "<group>"; };
		F40B3D392D496AB8005E6EBC /* Assets.xcassets */ = {isa = PBXFileReference; lastKnownFileType = folder.assetcatalog; path = Assets.xcassets; sourceTree = "<group>"; };
		F40B3D3B2D496AB8005E6EBC /* BasicMarkdownPreview.entitlements */ = {isa = PBXFileReference; lastKnownFileType = text.plist.entitlements; path = BasicMarkdownPreview.entitlements; sourceTree = "<group>"; };
		F40B3D3D2D496AB8005E6EBC /* Preview Assets.xcassets */ = {isa = PBXFileReference; lastKnownFileType = folder.assetcatalog; path = "Preview Assets.xcassets"; sourceTree = "<group>"; };
		F40B3D462D496B85005E6EBC /* BasicMarkdownSample.md */ = {isa = PBXFileReference; lastKnownFileType = net.daringfireball.markdown; path = BasicMarkdownSample.md; sourceTree = "<group>"; };
/* End PBXFileReference section */

/* Begin PBXFrameworksBuildPhase section */
		F40B3D2F2D496AB6005E6EBC /* Frameworks */ = {
			isa = PBXFrameworksBuildPhase;
			buildActionMask = 2147483647;
			files = (
				F4CF4EEE2D49C1D00028F66B /* SSMarkdownView in Frameworks */,
				F4CF4EF12D49C3670028F66B /* SSMUtilities in Frameworks */,
			);
			runOnlyForDeploymentPostprocessing = 0;
		};
/* End PBXFrameworksBuildPhase section */

/* Begin PBXGroup section */
		F40B3D292D496AB6005E6EBC = {
			isa = PBXGroup;
			children = (
				F40B3D452D496B69005E6EBC /* Samples */,
				F40B3D442D496AC1005E6EBC /* Source */,
				F40B3D342D496AB6005E6EBC /* BasicMarkdownPreview */,
				F40B3D332D496AB6005E6EBC /* Products */,
			);
			sourceTree = "<group>";
		};
		F40B3D332D496AB6005E6EBC /* Products */ = {
			isa = PBXGroup;
			children = (
				F40B3D322D496AB6005E6EBC /* BasicMarkdownPreview.app */,
			);
			name = Products;
			sourceTree = "<group>";
		};
		F40B3D342D496AB6005E6EBC /* BasicMarkdownPreview */ = {
			isa = PBXGroup;
			children = (
				F40B3D392D496AB8005E6EBC /* Assets.xcassets */,
				F40B3D3B2D496AB8005E6EBC /* BasicMarkdownPreview.entitlements */,
				F40B3D3C2D496AB8005E6EBC /* Preview Content */,
			);
			path = BasicMarkdownPreview;
			sourceTree = "<group>";
		};
		F40B3D3C2D496AB8005E6EBC /* Preview Content */ = {
			isa = PBXGroup;
			children = (
				F40B3D3D2D496AB8005E6EBC /* Preview Assets.xcassets */,
			);
			path = "Preview Content";
			sourceTree = "<group>";
		};
		F40B3D442D496AC1005E6EBC /* Source */ = {
			isa = PBXGroup;
			children = (
				F40B3D352D496AB6005E6EBC /* BasicMarkdownPreviewApp.swift */,
			);
			path = Source;
			sourceTree = "<group>";
		};
		F40B3D452D496B69005E6EBC /* Samples */ = {
			isa = PBXGroup;
			children = (
				F40B3D462D496B85005E6EBC /* BasicMarkdownSample.md */,
			);
			path = Samples;
			sourceTree = "<group>";
		};
/* End PBXGroup section */

/* Begin PBXNativeTarget section */
		F40B3D312D496AB6005E6EBC /* BasicMarkdownPreview */ = {
			isa = PBXNativeTarget;
			buildConfigurationList = F40B3D412D496AB8005E6EBC /* Build configuration list for PBXNativeTarget "BasicMarkdownPreview" */;
			buildPhases = (
				F40B3D2E2D496AB6005E6EBC /* Sources */,
				F40B3D2F2D496AB6005E6EBC /* Frameworks */,
				F40B3D302D496AB6005E6EBC /* Resources */,
			);
			buildRules = (
			);
			dependencies = (
			);
			name = BasicMarkdownPreview;
			packageProductDependencies = (
				F4CF4EED2D49C1D00028F66B /* SSMarkdownView */,
				F4CF4EF02D49C3670028F66B /* SSMUtilities */,
			);
			productName = BasicMarkdownPreview;
			productReference = F40B3D322D496AB6005E6EBC /* BasicMarkdownPreview.app */;
			productType = "com.apple.product-type.application";
		};
/* End PBXNativeTarget section */

/* Begin PBXProject section */
		F40B3D2A2D496AB6005E6EBC /* Project object */ = {
			isa = PBXProject;
			attributes = {
				BuildIndependentTargetsInParallel = 1;
				LastSwiftUpdateCheck = 1540;
				LastUpgradeCheck = 1540;
				TargetAttributes = {
					F40B3D312D496AB6005E6EBC = {
						CreatedOnToolsVersion = 15.4;
					};
				};
			};
			buildConfigurationList = F40B3D2D2D496AB6005E6EBC /* Build configuration list for PBXProject "BasicMarkdownPreview" */;
			compatibilityVersion = "Xcode 14.0";
			developmentRegion = en;
			hasScannedForEncodings = 0;
			knownRegions = (
				en,
				Base,
			);
			mainGroup = F40B3D292D496AB6005E6EBC;
			packageReferences = (
				F4CF4EEC2D49C1D00028F66B /* XCLocalSwiftPackageReference "../SSMarkdownView" */,
				F4CF4EEF2D49C3670028F66B /* XCLocalSwiftPackageReference "../SSMUtilities" */,
			);
			productRefGroup = F40B3D332D496AB6005E6EBC /* Products */;
			projectDirPath = "";
			projectRoot = "";
			targets = (
				F40B3D312D496AB6005E6EBC /* BasicMarkdownPreview */,
			);
		};
/* End PBXProject section */

/* Begin PBXResourcesBuildPhase section */
		F40B3D302D496AB6005E6EBC /* Resources */ = {
			isa = PBXResourcesBuildPhase;
			buildActionMask = 2147483647;
			files = (
				F40B3D3E2D496AB8005E6EBC /* Preview Assets.xcassets in Resources */,
				F40B3D3A2D496AB8005E6EBC /* Assets.xcassets in Resources */,
				F40B3D472D496B85005E6EBC /* BasicMarkdownSample.md in Resources */,
			);
			runOnlyForDeploymentPostprocessing = 0;
		};
/* End PBXResourcesBuildPhase section */

/* Begin PBXSourcesBuildPhase section */
		F40B3D2E2D496AB6005E6EBC /* Sources */ = {
			isa = PBXSourcesBuildPhase;
			buildActionMask = 2147483647;
			files = (
				F40B3D362D496AB6005E6EBC /* BasicMarkdownPreviewApp.swift in Sources */,
			);
			runOnlyForDeploymentPostprocessing = 0;
		};
/* End PBXSourcesBuildPhase section */

/* Begin XCBuildConfiguration section */
		F40B3D3F2D496AB8005E6EBC /* Debug */ = {
			isa = XCBuildConfiguration;
			buildSettings = {
				ALWAYS_SEARCH_USER_PATHS = NO;
				ASSETCATALOG_COMPILER_GENERATE_SWIFT_ASSET_SYMBOL_EXTENSIONS = YES;
				CLANG_ANALYZER_NONNULL = YES;
				CLANG_ANALYZER_NUMBER_OBJECT_CONVERSION = YES_AGGRESSIVE;
				CLANG_CXX_LANGUAGE_STANDARD = "gnu++20";
				CLANG_ENABLE_MODULES = YES;
				CLANG_ENABLE_OBJC_ARC = YES;
				CLANG_ENABLE_OBJC_WEAK = YES;
				CLANG_WARN_BLOCK_CAPTURE_AUTORELEASING = YES;
				CLANG_WARN_BOOL_CONVERSION = YES;
				CLANG_WARN_COMMA = YES;
				CLANG_WARN_CONSTANT_CONVERSION = YES;
				CLANG_WARN_DEPRECATED_OBJC_IMPLEMENTATIONS = YES;
				CLANG_WARN_DIRECT_OBJC_ISA_USAGE = YES_ERROR;
				CLANG_WARN_DOCUMENTATION_COMMENTS = YES;
				CLANG_WARN_EMPTY_BODY = YES;
				CLANG_WARN_ENUM_CONVERSION = YES;
				CLANG_WARN_INFINITE_RECURSION = YES;
				CLANG_WARN_INT_CONVERSION = YES;
				CLANG_WARN_NON_LITERAL_NULL_CONVERSION = YES;
				CLANG_WARN_OBJC_IMPLICIT_RETAIN_SELF = YES;
				CLANG_WARN_OBJC_LITERAL_CONVERSION = YES;
				CLANG_WARN_OBJC_ROOT_CLASS = YES_ERROR;
				CLANG_WARN_QUOTED_INCLUDE_IN_FRAMEWORK_HEADER = YES;
				CLANG_WARN_RANGE_LOOP_ANALYSIS = YES;
				CLANG_WARN_STRICT_PROTOTYPES = YES;
				CLANG_WARN_SUSPICIOUS_MOVE = YES;
				CLANG_WARN_UNGUARDED_AVAILABILITY = YES_AGGRESSIVE;
				CLANG_WARN_UNREACHABLE_CODE = YES;
				CLANG_WARN__DUPLICATE_METHOD_MATCH = YES;
				COPY_PHASE_STRIP = NO;
				DEBUG_INFORMATION_FORMAT = dwarf;
				ENABLE_STRICT_OBJC_MSGSEND = YES;
				ENABLE_TESTABILITY = YES;
				ENABLE_USER_SCRIPT_SANDBOXING = YES;
				GCC_C_LANGUAGE_STANDARD = gnu17;
				GCC_DYNAMIC_NO_PIC = NO;
				GCC_NO_COMMON_BLOCKS = YES;
				GCC_OPTIMIZATION_LEVEL = 0;
				GCC_PREPROCESSOR_DEFINITIONS = (
					"DEBUG=1",
					"$(inherited)",
				);
				GCC_WARN_64_TO_32_BIT_CONVERSION = YES;
				GCC_WARN_ABOUT_RETURN_TYPE = YES_ERROR;
				GCC_WARN_UNDECLARED_SELECTOR = YES;
				GCC_WARN_UNINITIALIZED_AUTOS = YES_AGGRESSIVE;
				GCC_WARN_UNUSED_FUNCTION = YES;
				GCC_WARN_UNUSED_VARIABLE = YES;
				LOCALIZATION_PREFERS_STRING_CATALOGS = YES;
				MTL_ENABLE_DEBUG_INFO = INCLUDE_SOURCE;
				MTL_FAST_MATH = YES;
				ONLY_ACTIVE_ARCH = YES;
				SWIFT_ACTIVE_COMPILATION_CONDITIONS = "DEBUG $(inherited)";
				SWIFT_OPTIMIZATION_LEVEL = "-Onone";
			};
			name = Debug;
		};
		F40B3D402D496AB8005E6EBC /* Release */ = {
			isa = XCBuildConfiguration;
			buildSettings = {
				ALWAYS_SEARCH_USER_PATHS = NO;
				ASSETCATALOG_COMPILER_GENERATE_SWIFT_ASSET_SYMBOL_EXTENSIONS = YES;
				CLANG_ANALYZER_NONNULL = YES;
				CLANG_ANALYZER_NUMBER_OBJECT_CONVERSION = YES_AGGRESSIVE;
				CLANG_CXX_LANGUAGE_STANDARD = "gnu++20";
				CLANG_ENABLE_MODULES = YES;
				CLANG_ENABLE_OBJC_ARC = YES;
				CLANG_ENABLE_OBJC_WEAK = YES;
				CLANG_WARN_BLOCK_CAPTURE_AUTORELEASING = YES;
				CLANG_WARN_BOOL_CONVERSION = YES;
				CLANG_WARN_COMMA = YES;
				CLANG_WARN_CONSTANT_CONVERSION = YES;
				CLANG_WARN_DEPRECATED_OBJC_IMPLEMENTATIONS = YES;
				CLANG_WARN_DIRECT_OBJC_ISA_USAGE = YES_ERROR;
				CLANG_WARN_DOCUMENTATION_COMMENTS = YES;
				CLANG_WARN_EMPTY_BODY = YES;
				CLANG_WARN_ENUM_CONVERSION = YES;
				CLANG_WARN_INFINITE_RECURSION = YES;
				CLANG_WARN_INT_CONVERSION = YES;
				CLANG_WARN_NON_LITERAL_NULL_CONVERSION = YES;
				CLANG_WARN_OBJC_IMPLICIT_RETAIN_SELF = YES;
				CLANG_WARN_OBJC_LITERAL_CONVERSION = YES;
				CLANG_WARN_OBJC_ROOT_CLASS = YES_ERROR;
				CLANG_WARN_QUOTED_INCLUDE_IN_FRAMEWORK_HEADER = YES;
				CLANG_WARN_RANGE_LOOP_ANALYSIS = YES;
				CLANG_WARN_STRICT_PROTOTYPES = YES;
				CLANG_WARN_SUSPICIOUS_MOVE = YES;
				CLANG_WARN_UNGUARDED_AVAILABILITY = YES_AGGRESSIVE;
				CLANG_WARN_UNREACHABLE_CODE = YES;
				CLANG_WARN__DUPLICATE_METHOD_MATCH = YES;
				COPY_PHASE_STRIP = NO;
				DEBUG_INFORMATION_FORMAT = "dwarf-with-dsym";
				ENABLE_NS_ASSERTIONS = NO;
				ENABLE_STRICT_OBJC_MSGSEND = YES;
				ENABLE_USER_SCRIPT_SANDBOXING = YES;
				GCC_C_LANGUAGE_STANDARD = gnu17;
				GCC_NO_COMMON_BLOCKS = YES;
				GCC_WARN_64_TO_32_BIT_CONVERSION = YES;
				GCC_WARN_ABOUT_RETURN_TYPE = YES_ERROR;
				GCC_WARN_UNDECLARED_SELECTOR = YES;
				GCC_WARN_UNINITIALIZED_AUTOS = YES_AGGRESSIVE;
				GCC_WARN_UNUSED_FUNCTION = YES;
				GCC_WARN_UNUSED_VARIABLE = YES;
				LOCALIZATION_PREFERS_STRING_CATALOGS = YES;
				MTL_ENABLE_DEBUG_INFO = NO;
				MTL_FAST_MATH = YES;
				SWIFT_COMPILATION_MODE = wholemodule;
			};
			name = Release;
		};
		F40B3D422D496AB8005E6EBC /* Debug */ = {
			isa = XCBuildConfiguration;
			buildSettings = {
				ASSETCATALOG_COMPILER_APPICON_NAME = AppIcon;
				ASSETCATALOG_COMPILER_GLOBAL_ACCENT_COLOR_NAME = AccentColor;
				CODE_SIGN_ENTITLEMENTS = BasicMarkdownPreview/BasicMarkdownPreview.entitlements;
				CODE_SIGN_STYLE = Automatic;
				CURRENT_PROJECT_VERSION = 1;
				DEVELOPMENT_ASSET_PATHS = "\"BasicMarkdownPreview/Preview Content\"";
				DEVELOPMENT_TEAM = CV5FXG5P92;
				ENABLE_HARDENED_RUNTIME = YES;
				ENABLE_PREVIEWS = YES;
				GENERATE_INFOPLIST_FILE = YES;
				"INFOPLIST_KEY_UIApplicationSceneManifest_Generation[sdk=iphoneos*]" = YES;
				"INFOPLIST_KEY_UIApplicationSceneManifest_Generation[sdk=iphonesimulator*]" = YES;
				"INFOPLIST_KEY_UIApplicationSupportsIndirectInputEvents[sdk=iphoneos*]" = YES;
				"INFOPLIST_KEY_UIApplicationSupportsIndirectInputEvents[sdk=iphonesimulator*]" = YES;
				"INFOPLIST_KEY_UILaunchScreen_Generation[sdk=iphoneos*]" = YES;
				"INFOPLIST_KEY_UILaunchScreen_Generation[sdk=iphonesimulator*]" = YES;
				"INFOPLIST_KEY_UIStatusBarStyle[sdk=iphoneos*]" = UIStatusBarStyleDefault;
				"INFOPLIST_KEY_UIStatusBarStyle[sdk=iphonesimulator*]" = UIStatusBarStyleDefault;
				INFOPLIST_KEY_UISupportedInterfaceOrientations_iPad = "UIInterfaceOrientationPortrait UIInterfaceOrientationPortraitUpsideDown UIInterfaceOrientationLandscapeLeft UIInterfaceOrientationLandscapeRight";
				INFOPLIST_KEY_UISupportedInterfaceOrientations_iPhone = "UIInterfaceOrientationPortrait UIInterfaceOrientationLandscapeLeft UIInterfaceOrientationLandscapeRight";
				IPHONEOS_DEPLOYMENT_TARGET = 17.5;
				LD_RUNPATH_SEARCH_PATHS = "@executable_path/Frameworks";
				"LD_RUNPATH_SEARCH_PATHS[sdk=macosx*]" = "@executable_path/../Frameworks";
				MACOSX_DEPLOYMENT_TARGET = 14.5;
				MARKETING_VERSION = 1.0;
				PRODUCT_BUNDLE_IDENTIFIER = com.colbyn.BasicMarkdownPreview;
				PRODUCT_NAME = "$(TARGET_NAME)";
				SDKROOT = auto;
				SUPPORTED_PLATFORMS = "iphoneos iphonesimulator macosx";
				SWIFT_EMIT_LOC_STRINGS = YES;
				SWIFT_VERSION = 5.0;
				TARGETED_DEVICE_FAMILY = "1,2";
			};
			name = Debug;
		};
		F40B3D432D496AB8005E6EBC /* Release */ = {
			isa = XCBuildConfiguration;
			buildSettings = {
				ASSETCATALOG_COMPILER_APPICON_NAME = AppIcon;
				ASSETCATALOG_COMPILER_GLOBAL_ACCENT_COLOR_NAME = AccentColor;
				CODE_SIGN_ENTITLEMENTS = BasicMarkdownPreview/BasicMarkdownPreview.entitlements;
				CODE_SIGN_STYLE = Automatic;
				CURRENT_PROJECT_VERSION = 1;
				DEVELOPMENT_ASSET_PATHS = "\"BasicMarkdownPreview/Preview Content\"";
				DEVELOPMENT_TEAM = CV5FXG5P92;
				ENABLE_HARDENED_RUNTIME = YES;
				ENABLE_PREVIEWS = YES;
				GENERATE_INFOPLIST_FILE = YES;
				"INFOPLIST_KEY_UIApplicationSceneManifest_Generation[sdk=iphoneos*]" = YES;
				"INFOPLIST_KEY_UIApplicationSceneManifest_Generation[sdk=iphonesimulator*]" = YES;
				"INFOPLIST_KEY_UIApplicationSupportsIndirectInputEvents[sdk=iphoneos*]" = YES;
				"INFOPLIST_KEY_UIApplicationSupportsIndirectInputEvents[sdk=iphonesimulator*]" = YES;
				"INFOPLIST_KEY_UILaunchScreen_Generation[sdk=iphoneos*]" = YES;
				"INFOPLIST_KEY_UILaunchScreen_Generation[sdk=iphonesimulator*]" = YES;
				"INFOPLIST_KEY_UIStatusBarStyle[sdk=iphoneos*]" = UIStatusBarStyleDefault;
				"INFOPLIST_KEY_UIStatusBarStyle[sdk=iphonesimulator*]" = UIStatusBarStyleDefault;
				INFOPLIST_KEY_UISupportedInterfaceOrientations_iPad = "UIInterfaceOrientationPortrait UIInterfaceOrientationPortraitUpsideDown UIInterfaceOrientationLandscapeLeft UIInterfaceOrientationLandscapeRight";
				INFOPLIST_KEY_UISupportedInterfaceOrientations_iPhone = "UIInterfaceOrientationPortrait UIInterfaceOrientationLandscapeLeft UIInterfaceOrientationLandscapeRight";
				IPHONEOS_DEPLOYMENT_TARGET = 17.5;
				LD_RUNPATH_SEARCH_PATHS = "@executable_path/Frameworks";
				"LD_RUNPATH_SEARCH_PATHS[sdk=macosx*]" = "@executable_path/../Frameworks";
				MACOSX_DEPLOYMENT_TARGET = 14.5;
				MARKETING_VERSION = 1.0;
				PRODUCT_BUNDLE_IDENTIFIER = com.colbyn.BasicMarkdownPreview;
				PRODUCT_NAME = "$(TARGET_NAME)";
				SDKROOT = auto;
				SUPPORTED_PLATFORMS = "iphoneos iphonesimulator macosx";
				SWIFT_EMIT_LOC_STRINGS = YES;
				SWIFT_VERSION = 5.0;
				TARGETED_DEVICE_FAMILY = "1,2";
			};
			name = Release;
		};
/* End XCBuildConfiguration section */

/* Begin XCConfigurationList section */
		F40B3D2D2D496AB6005E6EBC /* Build configuration list for PBXProject "BasicMarkdownPreview" */ = {
			isa = XCConfigurationList;
			buildConfigurations = (
				F40B3D3F2D496AB8005E6EBC /* Debug */,
				F40B3D402D496AB8005E6EBC /* Release */,
			);
			defaultConfigurationIsVisible = 0;
			defaultConfigurationName = Release;
		};
		F40B3D412D496AB8005E6EBC /* Build configuration list for PBXNativeTarget "BasicMarkdownPreview" */ = {
			isa = XCConfigurationList;
			buildConfigurations = (
				F40B3D422D496AB8005E6EBC /* Debug */,
				F40B3D432D496AB8005E6EBC /* Release */,
			);
			defaultConfigurationIsVisible = 0;
			defaultConfigurationName = Release;
		};
/* End XCConfigurationList section */

/* Begin XCLocalSwiftPackageReference section */
		F4CF4EEC2D49C1D00028F66B /* XCLocalSwiftPackageReference "../SSMarkdownView" */ = {
			isa = XCLocalSwiftPackageReference;
			relativePath = ../SSMarkdownView;
		};
		F4CF4EEF2D49C3670028F66B /* XCLocalSwiftPackageReference "../SSMUtilities" */ = {
			isa = XCLocalSwiftPackageReference;
			relativePath = ../SSMUtilities;
		};
/* End XCLocalSwiftPackageReference section */

/* Begin XCSwiftPackageProductDependency section */
		F4CF4EED2D49C1D00028F66B /* SSMarkdownView */ = {
			isa = XCSwiftPackageProductDependency;
			productName = SSMarkdownView;
		};
		F4CF4EF02D49C3670028F66B /* SSMUtilities */ = {
			isa = XCSwiftPackageProductDependency;
			productName = SSMUtilities;
		};
/* End XCSwiftPackageProductDependency section */
	};
	rootObject = F40B3D2A2D496AB6005E6EBC /* Project object */;
}
